
Microsoft Visual Studio Solution File, Format Version 12.00
# Visual Studio Version 17
VisualStudioVersion = 17.0.31912.275
MinimumVisualStudioVersion = 10.0.40219.1
Project("{9A19103F-16F7-4668-BE54-9A1E7A4F7556}") = "ServerManager.Common", "ServerManager.Common\ServerManager.Common.csproj", "{7C99D9F7-0C65-4116-927A-94EB018C88FD}"
EndProject
Project("{9A19103F-16F7-4668-BE54-9A1E7A4F7556}") = "WPFSharp.Globalizer", "WPFSharp.Globalizer\WPFSharp.Globalizer.csproj", "{715461E8-4E54-4993-80A8-8E72892135E0}"
EndProject
Project("{9A19103F-16F7-4668-BE54-9A1E7A4F7556}") = "NeXt.Vdf", "NeXtVdf\NeXt.Vdf.csproj", "{E4EDA8B8-006C-4D41-822F-F64B6DB0021F}"
EndProject
Project("{9A19103F-16F7-4668-BE54-9A1E7A4F7556}") = "Plugin.Common", "Plugin.Common\Plugin.Common.csproj", "{679FE859-9A82-4FFB-A758-C1E8DF915F58}"
EndProject
Project("{9A19103F-16F7-4668-BE54-9A1E7A4F7556}") = "Plugin.Discord", "Plugin.Discord\Plugin.Discord.csproj", "{936EF260-FECF-4E9E-A21E-092D65931C7D}"
EndProject
Project("{2150E333-8FDC-42A3-9474-1A3956D46DE8}") = "3rd Party Libraries", "3rd Party Libraries", "{44D8A1A2-01FF-4DD3-A201-AD9A26F7798D}"
EndProject
Project("{2150E333-8FDC-42A3-9474-1A3956D46DE8}") = "Plugins", "Plugins", "{F8DBCE70-4658-47CB-A508-B3951125F0ED}"
EndProject
Project("{2150E333-8FDC-42A3-9474-1A3956D46DE8}") = "Solution Items", "Solution Items", "{385BF0EA-D67F-44A4-910C-2E6E84A38525}"
	ProjectSection(SolutionItems) = preProject
		Nuget.config = Nuget.config
	EndProjectSection
EndProject
Project("{9A19103F-16F7-4668-BE54-9A1E7A4F7556}") = "ServerManager.Updater", "ServerManager.Updater\ServerManager.Updater.csproj", "{3E0C9EE6-780F-4FEF-BA03-E38062A5FDB6}"
EndProject
Project("{9A19103F-16F7-4668-BE54-9A1E7A4F7556}") = "ArkData", "ArkData\ArkData.csproj", "{D2EE1483-021F-4900-BBE8-88338D1386F4}"
EndProject
Project("{FAE04EC0-301F-11D3-BF4B-00C04F79EFBC}") = "ConanServerManager", "ConanServerManager\ConanServerManager.csproj", "{F7A82C6A-32CD-4847-AD16-D79ADC72746E}"
EndProject
Project("{9A19103F-16F7-4668-BE54-9A1E7A4F7556}") = "ConanData", "ConanData\ConanData.csproj", "{96832688-29BD-464F-9DCE-482E37BFC751}"
EndProject
Project("{FAE04EC0-301F-11D3-BF4B-00C04F79EFBC}") = "ARKServerManager", "ARKServerManager\ARKServerManager.csproj", "{95D4E57F-06F9-4B41-BEBB-2A8E81759BD2}"
EndProject
Project("{9A19103F-16F7-4668-BE54-9A1E7A4F7556}") = "QueryMaster", "QueryMaster\QueryMaster.csproj", "{4CA9C894-518F-42D7-BBE2-CFDFE7A03F8A}"
EndProject
Project("{9A19103F-16F7-4668-BE54-9A1E7A4F7556}") = "ARKServerManager.Common", "ARKServerManager.Common\ARKServerManager.Common.csproj", "{DD0A2401-99B8-4DE1-B8ED-9B075172F8AF}"
EndProject
Project("{9A19103F-16F7-4668-BE54-9A1E7A4F7556}") = "ConanServerManager.Common", "ConanServerManager.Common\ConanServerManager.Common.csproj", "{630422CA-4BCC-4D1D-9701-87D8EAF0B209}"
EndProject
Project("{9A19103F-16F7-4668-BE54-9A1E7A4F7556}") = "ServerManager.WebApplication", "ServerManager.WebApplication\ServerManager.WebApplication.csproj", "{39C42E58-36BD-4C6B-9AD2-7F9EBCA7A68A}"
EndProject
Project("{9A19103F-16F7-4668-BE54-9A1E7A4F7556}") = "Plugin.Common.UnitTests", "Plugin.Common.UnitTests\Plugin.Common.UnitTests.csproj", "{A8BFC452-5BE8-41E7-BD1D-C29B944185CE}"
EndProject
Project("{9A19103F-16F7-4668-BE54-9A1E7A4F7556}") = "Plugin.Discord.UnitTests", "Plugin.Discord.UnitTests\Plugin.Discord.UnitTests.csproj", "{1434D87A-E9FC-48B9-BEC9-E5A3003F1F2E}"
EndProject
Project("{9A19103F-16F7-4668-BE54-9A1E7A4F7556}") = "ServerManager.Discord", "ServerManager.Discord\ServerManager.Discord.csproj", "{C4C8000D-5E45-497C-A218-B95A1567010E}"
EndProject
Project("{2150E333-8FDC-42A3-9474-1A3956D46DE8}") = "UnitTests", "UnitTests", "{A7B846EF-9884-44DB-AF8F-3173DF1B3B66}"
EndProject
Project("{9A19103F-16F7-4668-BE54-9A1E7A4F7556}") = "ServerManager.Common.UnitTests", "ServerManager.Common.UnitTests\ServerManager.Common.UnitTests.csproj", "{18271A4E-6135-466A-BCF8-80E25446F454}"
EndProject
Project("{9A19103F-16F7-4668-BE54-9A1E7A4F7556}") = "QueryMaster.UnitTests", "QueryMaster.UnitTests\QueryMaster.UnitTests.csproj", "{A2EEBC18-DAD8-415D-98E4-258EB12369C7}"
EndProject
Global
	GlobalSection(SolutionConfigurationPlatforms) = preSolution
		Debug - AutoBackup|Any CPU = Debug - AutoBackup|Any CPU
		Debug - AutoShutdown|Any CPU = Debug - AutoShutdown|Any CPU
		Debug - AutoUpdate|Any CPU = Debug - AutoUpdate|Any CPU
		Debug - Beta|Any CPU = Debug - Beta|Any CPU
		Debug - ServerMonitor|Any CPU = Debug - ServerMonitor|Any CPU
		Debug|Any CPU = Debug|Any CPU
		Release|Any CPU = Release|Any CPU
	EndGlobalSection
	GlobalSection(ProjectConfigurationPlatforms) = postSolution
		{7C99D9F7-0C65-4116-927A-94EB018C88FD}.Debug - AutoBackup|Any CPU.ActiveCfg = Debug|Any CPU
		{7C99D9F7-0C65-4116-927A-94EB018C88FD}.Debug - AutoBackup|Any CPU.Build.0 = Debug|Any CPU
		{7C99D9F7-0C65-4116-927A-94EB018C88FD}.Debug - AutoShutdown|Any CPU.ActiveCfg = Debug|Any CPU
		{7C99D9F7-0C65-4116-927A-94EB018C88FD}.Debug - AutoShutdown|Any CPU.Build.0 = Debug|Any CPU
		{7C99D9F7-0C65-4116-927A-94EB018C88FD}.Debug - AutoUpdate|Any CPU.ActiveCfg = Debug|Any CPU
		{7C99D9F7-0C65-4116-927A-94EB018C88FD}.Debug - AutoUpdate|Any CPU.Build.0 = Debug|Any CPU
		{7C99D9F7-0C65-4116-927A-94EB018C88FD}.Debug - Beta|Any CPU.ActiveCfg = Debug|Any CPU
		{7C99D9F7-0C65-4116-927A-94EB018C88FD}.Debug - Beta|Any CPU.Build.0 = Debug|Any CPU
		{7C99D9F7-0C65-4116-927A-94EB018C88FD}.Debug - ServerMonitor|Any CPU.ActiveCfg = Debug|Any CPU
		{7C99D9F7-0C65-4116-927A-94EB018C88FD}.Debug - ServerMonitor|Any CPU.Build.0 = Debug|Any CPU
		{7C99D9F7-0C65-4116-927A-94EB018C88FD}.Debug|Any CPU.ActiveCfg = Debug|Any CPU
		{7C99D9F7-0C65-4116-927A-94EB018C88FD}.Debug|Any CPU.Build.0 = Debug|Any CPU
		{7C99D9F7-0C65-4116-927A-94EB018C88FD}.Release|Any CPU.ActiveCfg = Release|Any CPU
		{7C99D9F7-0C65-4116-927A-94EB018C88FD}.Release|Any CPU.Build.0 = Release|Any CPU
		{715461E8-4E54-4993-80A8-8E72892135E0}.Debug - AutoBackup|Any CPU.ActiveCfg = Debug|Any CPU
		{715461E8-4E54-4993-80A8-8E72892135E0}.Debug - AutoBackup|Any CPU.Build.0 = Debug|Any CPU
		{715461E8-4E54-4993-80A8-8E72892135E0}.Debug - AutoShutdown|Any CPU.ActiveCfg = Debug|Any CPU
		{715461E8-4E54-4993-80A8-8E72892135E0}.Debug - AutoShutdown|Any CPU.Build.0 = Debug|Any CPU
		{715461E8-4E54-4993-80A8-8E72892135E0}.Debug - AutoUpdate|Any CPU.ActiveCfg = Debug|Any CPU
		{715461E8-4E54-4993-80A8-8E72892135E0}.Debug - AutoUpdate|Any CPU.Build.0 = Debug|Any CPU
		{715461E8-4E54-4993-80A8-8E72892135E0}.Debug - Beta|Any CPU.ActiveCfg = Debug|Any CPU
		{715461E8-4E54-4993-80A8-8E72892135E0}.Debug - Beta|Any CPU.Build.0 = Debug|Any CPU
		{715461E8-4E54-4993-80A8-8E72892135E0}.Debug - ServerMonitor|Any CPU.ActiveCfg = Debug|Any CPU
		{715461E8-4E54-4993-80A8-8E72892135E0}.Debug - ServerMonitor|Any CPU.Build.0 = Debug|Any CPU
		{715461E8-4E54-4993-80A8-8E72892135E0}.Debug|Any CPU.ActiveCfg = Debug|Any CPU
		{715461E8-4E54-4993-80A8-8E72892135E0}.Debug|Any CPU.Build.0 = Debug|Any CPU
		{715461E8-4E54-4993-80A8-8E72892135E0}.Release|Any CPU.ActiveCfg = Release|Any CPU
		{715461E8-4E54-4993-80A8-8E72892135E0}.Release|Any CPU.Build.0 = Release|Any CPU
		{E4EDA8B8-006C-4D41-822F-F64B6DB0021F}.Debug - AutoBackup|Any CPU.ActiveCfg = Debug|Any CPU
		{E4EDA8B8-006C-4D41-822F-F64B6DB0021F}.Debug - AutoBackup|Any CPU.Build.0 = Debug|Any CPU
		{E4EDA8B8-006C-4D41-822F-F64B6DB0021F}.Debug - AutoShutdown|Any CPU.ActiveCfg = Debug|Any CPU
		{E4EDA8B8-006C-4D41-822F-F64B6DB0021F}.Debug - AutoShutdown|Any CPU.Build.0 = Debug|Any CPU
		{E4EDA8B8-006C-4D41-822F-F64B6DB0021F}.Debug - AutoUpdate|Any CPU.ActiveCfg = Debug|Any CPU
		{E4EDA8B8-006C-4D41-822F-F64B6DB0021F}.Debug - AutoUpdate|Any CPU.Build.0 = Debug|Any CPU
		{E4EDA8B8-006C-4D41-822F-F64B6DB0021F}.Debug - Beta|Any CPU.ActiveCfg = Debug|Any CPU
		{E4EDA8B8-006C-4D41-822F-F64B6DB0021F}.Debug - Beta|Any CPU.Build.0 = Debug|Any CPU
		{E4EDA8B8-006C-4D41-822F-F64B6DB0021F}.Debug - ServerMonitor|Any CPU.ActiveCfg = Debug|Any CPU
		{E4EDA8B8-006C-4D41-822F-F64B6DB0021F}.Debug - ServerMonitor|Any CPU.Build.0 = Debug|Any CPU
		{E4EDA8B8-006C-4D41-822F-F64B6DB0021F}.Debug|Any CPU.ActiveCfg = Debug|Any CPU
		{E4EDA8B8-006C-4D41-822F-F64B6DB0021F}.Debug|Any CPU.Build.0 = Debug|Any CPU
		{E4EDA8B8-006C-4D41-822F-F64B6DB0021F}.Release|Any CPU.ActiveCfg = Release|Any CPU
		{E4EDA8B8-006C-4D41-822F-F64B6DB0021F}.Release|Any CPU.Build.0 = Release|Any CPU
		{679FE859-9A82-4FFB-A758-C1E8DF915F58}.Debug - AutoBackup|Any CPU.ActiveCfg = Debug|Any CPU
		{679FE859-9A82-4FFB-A758-C1E8DF915F58}.Debug - AutoBackup|Any CPU.Build.0 = Debug|Any CPU
		{679FE859-9A82-4FFB-A758-C1E8DF915F58}.Debug - AutoShutdown|Any CPU.ActiveCfg = Debug|Any CPU
		{679FE859-9A82-4FFB-A758-C1E8DF915F58}.Debug - AutoShutdown|Any CPU.Build.0 = Debug|Any CPU
		{679FE859-9A82-4FFB-A758-C1E8DF915F58}.Debug - AutoUpdate|Any CPU.ActiveCfg = Debug|Any CPU
		{679FE859-9A82-4FFB-A758-C1E8DF915F58}.Debug - AutoUpdate|Any CPU.Build.0 = Debug|Any CPU
		{679FE859-9A82-4FFB-A758-C1E8DF915F58}.Debug - Beta|Any CPU.ActiveCfg = Debug|Any CPU
		{679FE859-9A82-4FFB-A758-C1E8DF915F58}.Debug - Beta|Any CPU.Build.0 = Debug|Any CPU
		{679FE859-9A82-4FFB-A758-C1E8DF915F58}.Debug - ServerMonitor|Any CPU.ActiveCfg = Debug|Any CPU
		{679FE859-9A82-4FFB-A758-C1E8DF915F58}.Debug - ServerMonitor|Any CPU.Build.0 = Debug|Any CPU
		{679FE859-9A82-4FFB-A758-C1E8DF915F58}.Debug|Any CPU.ActiveCfg = Debug|Any CPU
		{679FE859-9A82-4FFB-A758-C1E8DF915F58}.Debug|Any CPU.Build.0 = Debug|Any CPU
		{679FE859-9A82-4FFB-A758-C1E8DF915F58}.Release|Any CPU.ActiveCfg = Release|Any CPU
		{679FE859-9A82-4FFB-A758-C1E8DF915F58}.Release|Any CPU.Build.0 = Release|Any CPU
		{936EF260-FECF-4E9E-A21E-092D65931C7D}.Debug - AutoBackup|Any CPU.ActiveCfg = Debug|Any CPU
		{936EF260-FECF-4E9E-A21E-092D65931C7D}.Debug - AutoBackup|Any CPU.Build.0 = Debug|Any CPU
		{936EF260-FECF-4E9E-A21E-092D65931C7D}.Debug - AutoShutdown|Any CPU.ActiveCfg = Debug|Any CPU
		{936EF260-FECF-4E9E-A21E-092D65931C7D}.Debug - AutoShutdown|Any CPU.Build.0 = Debug|Any CPU
		{936EF260-FECF-4E9E-A21E-092D65931C7D}.Debug - AutoUpdate|Any CPU.ActiveCfg = Debug|Any CPU
		{936EF260-FECF-4E9E-A21E-092D65931C7D}.Debug - AutoUpdate|Any CPU.Build.0 = Debug|Any CPU
		{936EF260-FECF-4E9E-A21E-092D65931C7D}.Debug - Beta|Any CPU.ActiveCfg = Debug|Any CPU
		{936EF260-FECF-4E9E-A21E-092D65931C7D}.Debug - Beta|Any CPU.Build.0 = Debug|Any CPU
		{936EF260-FECF-4E9E-A21E-092D65931C7D}.Debug - ServerMonitor|Any CPU.ActiveCfg = Debug|Any CPU
		{936EF260-FECF-4E9E-A21E-092D65931C7D}.Debug - ServerMonitor|Any CPU.Build.0 = Debug|Any CPU
		{936EF260-FECF-4E9E-A21E-092D65931C7D}.Debug|Any CPU.ActiveCfg = Debug|Any CPU
		{936EF260-FECF-4E9E-A21E-092D65931C7D}.Debug|Any CPU.Build.0 = Debug|Any CPU
		{936EF260-FECF-4E9E-A21E-092D65931C7D}.Release|Any CPU.ActiveCfg = Release|Any CPU
		{936EF260-FECF-4E9E-A21E-092D65931C7D}.Release|Any CPU.Build.0 = Release|Any CPU
		{3E0C9EE6-780F-4FEF-BA03-E38062A5FDB6}.Debug - AutoBackup|Any CPU.ActiveCfg = Debug|Any CPU
		{3E0C9EE6-780F-4FEF-BA03-E38062A5FDB6}.Debug - AutoBackup|Any CPU.Build.0 = Debug|Any CPU
		{3E0C9EE6-780F-4FEF-BA03-E38062A5FDB6}.Debug - AutoShutdown|Any CPU.ActiveCfg = Debug|Any CPU
		{3E0C9EE6-780F-4FEF-BA03-E38062A5FDB6}.Debug - AutoShutdown|Any CPU.Build.0 = Debug|Any CPU
		{3E0C9EE6-780F-4FEF-BA03-E38062A5FDB6}.Debug - AutoUpdate|Any CPU.ActiveCfg = Debug|Any CPU
		{3E0C9EE6-780F-4FEF-BA03-E38062A5FDB6}.Debug - AutoUpdate|Any CPU.Build.0 = Debug|Any CPU
		{3E0C9EE6-780F-4FEF-BA03-E38062A5FDB6}.Debug - Beta|Any CPU.ActiveCfg = Debug|Any CPU
		{3E0C9EE6-780F-4FEF-BA03-E38062A5FDB6}.Debug - Beta|Any CPU.Build.0 = Debug|Any CPU
		{3E0C9EE6-780F-4FEF-BA03-E38062A5FDB6}.Debug - ServerMonitor|Any CPU.ActiveCfg = Debug|Any CPU
		{3E0C9EE6-780F-4FEF-BA03-E38062A5FDB6}.Debug - ServerMonitor|Any CPU.Build.0 = Debug|Any CPU
		{3E0C9EE6-780F-4FEF-BA03-E38062A5FDB6}.Debug|Any CPU.ActiveCfg = Debug|Any CPU
		{3E0C9EE6-780F-4FEF-BA03-E38062A5FDB6}.Debug|Any CPU.Build.0 = Debug|Any CPU
		{3E0C9EE6-780F-4FEF-BA03-E38062A5FDB6}.Release|Any CPU.ActiveCfg = Release|Any CPU
		{3E0C9EE6-780F-4FEF-BA03-E38062A5FDB6}.Release|Any CPU.Build.0 = Release|Any CPU
		{D2EE1483-021F-4900-BBE8-88338D1386F4}.Debug - AutoBackup|Any CPU.ActiveCfg = Debug|Any CPU
		{D2EE1483-021F-4900-BBE8-88338D1386F4}.Debug - AutoBackup|Any CPU.Build.0 = Debug|Any CPU
		{D2EE1483-021F-4900-BBE8-88338D1386F4}.Debug - AutoShutdown|Any CPU.ActiveCfg = Debug|Any CPU
		{D2EE1483-021F-4900-BBE8-88338D1386F4}.Debug - AutoShutdown|Any CPU.Build.0 = Debug|Any CPU
		{D2EE1483-021F-4900-BBE8-88338D1386F4}.Debug - AutoUpdate|Any CPU.ActiveCfg = Debug|Any CPU
		{D2EE1483-021F-4900-BBE8-88338D1386F4}.Debug - AutoUpdate|Any CPU.Build.0 = Debug|Any CPU
		{D2EE1483-021F-4900-BBE8-88338D1386F4}.Debug - Beta|Any CPU.ActiveCfg = Debug|Any CPU
		{D2EE1483-021F-4900-BBE8-88338D1386F4}.Debug - Beta|Any CPU.Build.0 = Debug|Any CPU
		{D2EE1483-021F-4900-BBE8-88338D1386F4}.Debug - ServerMonitor|Any CPU.ActiveCfg = Debug|Any CPU
		{D2EE1483-021F-4900-BBE8-88338D1386F4}.Debug - ServerMonitor|Any CPU.Build.0 = Debug|Any CPU
		{D2EE1483-021F-4900-BBE8-88338D1386F4}.Debug|Any CPU.ActiveCfg = Debug|Any CPU
		{D2EE1483-021F-4900-BBE8-88338D1386F4}.Debug|Any CPU.Build.0 = Debug|Any CPU
		{D2EE1483-021F-4900-BBE8-88338D1386F4}.Release|Any CPU.ActiveCfg = Release|Any CPU
		{D2EE1483-021F-4900-BBE8-88338D1386F4}.Release|Any CPU.Build.0 = Release|Any CPU
		{F7A82C6A-32CD-4847-AD16-D79ADC72746E}.Debug - AutoBackup|Any CPU.ActiveCfg = Debug - AutoBackup|Any CPU
		{F7A82C6A-32CD-4847-AD16-D79ADC72746E}.Debug - AutoBackup|Any CPU.Build.0 = Debug - AutoBackup|Any CPU
		{F7A82C6A-32CD-4847-AD16-D79ADC72746E}.Debug - AutoShutdown|Any CPU.ActiveCfg = Debug - AutoShutdown|Any CPU
		{F7A82C6A-32CD-4847-AD16-D79ADC72746E}.Debug - AutoShutdown|Any CPU.Build.0 = Debug - AutoShutdown|Any CPU
		{F7A82C6A-32CD-4847-AD16-D79ADC72746E}.Debug - AutoUpdate|Any CPU.ActiveCfg = Debug - AutoUpdate|Any CPU
		{F7A82C6A-32CD-4847-AD16-D79ADC72746E}.Debug - AutoUpdate|Any CPU.Build.0 = Debug - AutoUpdate|Any CPU
		{F7A82C6A-32CD-4847-AD16-D79ADC72746E}.Debug - Beta|Any CPU.ActiveCfg = Debug - Beta|Any CPU
		{F7A82C6A-32CD-4847-AD16-D79ADC72746E}.Debug - Beta|Any CPU.Build.0 = Debug - Beta|Any CPU
		{F7A82C6A-32CD-4847-AD16-D79ADC72746E}.Debug - ServerMonitor|Any CPU.ActiveCfg = Debug - ServerMonitor|Any CPU
		{F7A82C6A-32CD-4847-AD16-D79ADC72746E}.Debug - ServerMonitor|Any CPU.Build.0 = Debug - ServerMonitor|Any CPU
		{F7A82C6A-32CD-4847-AD16-D79ADC72746E}.Debug|Any CPU.ActiveCfg = Debug|Any CPU
		{F7A82C6A-32CD-4847-AD16-D79ADC72746E}.Debug|Any CPU.Build.0 = Debug|Any CPU
		{F7A82C6A-32CD-4847-AD16-D79ADC72746E}.Release|Any CPU.ActiveCfg = Release|Any CPU
		{F7A82C6A-32CD-4847-AD16-D79ADC72746E}.Release|Any CPU.Build.0 = Release|Any CPU
		{96832688-29BD-464F-9DCE-482E37BFC751}.Debug - AutoBackup|Any CPU.ActiveCfg = Debug|Any CPU
		{96832688-29BD-464F-9DCE-482E37BFC751}.Debug - AutoBackup|Any CPU.Build.0 = Debug|Any CPU
		{96832688-29BD-464F-9DCE-482E37BFC751}.Debug - AutoShutdown|Any CPU.ActiveCfg = Debug|Any CPU
		{96832688-29BD-464F-9DCE-482E37BFC751}.Debug - AutoShutdown|Any CPU.Build.0 = Debug|Any CPU
		{96832688-29BD-464F-9DCE-482E37BFC751}.Debug - AutoUpdate|Any CPU.ActiveCfg = Debug|Any CPU
		{96832688-29BD-464F-9DCE-482E37BFC751}.Debug - AutoUpdate|Any CPU.Build.0 = Debug|Any CPU
		{96832688-29BD-464F-9DCE-482E37BFC751}.Debug - Beta|Any CPU.ActiveCfg = Debug|Any CPU
		{96832688-29BD-464F-9DCE-482E37BFC751}.Debug - Beta|Any CPU.Build.0 = Debug|Any CPU
		{96832688-29BD-464F-9DCE-482E37BFC751}.Debug - ServerMonitor|Any CPU.ActiveCfg = Debug|Any CPU
		{96832688-29BD-464F-9DCE-482E37BFC751}.Debug - ServerMonitor|Any CPU.Build.0 = Debug|Any CPU
		{96832688-29BD-464F-9DCE-482E37BFC751}.Debug|Any CPU.ActiveCfg = Debug|Any CPU
		{96832688-29BD-464F-9DCE-482E37BFC751}.Debug|Any CPU.Build.0 = Debug|Any CPU
		{96832688-29BD-464F-9DCE-482E37BFC751}.Release|Any CPU.ActiveCfg = Release|Any CPU
		{96832688-29BD-464F-9DCE-482E37BFC751}.Release|Any CPU.Build.0 = Release|Any CPU
		{95D4E57F-06F9-4B41-BEBB-2A8E81759BD2}.Debug - AutoBackup|Any CPU.ActiveCfg = Debug - AutoBackup|Any CPU
		{95D4E57F-06F9-4B41-BEBB-2A8E81759BD2}.Debug - AutoBackup|Any CPU.Build.0 = Debug - AutoBackup|Any CPU
		{95D4E57F-06F9-4B41-BEBB-2A8E81759BD2}.Debug - AutoShutdown|Any CPU.ActiveCfg = Debug - AutoShutdown|Any CPU
		{95D4E57F-06F9-4B41-BEBB-2A8E81759BD2}.Debug - AutoShutdown|Any CPU.Build.0 = Debug - AutoShutdown|Any CPU
		{95D4E57F-06F9-4B41-BEBB-2A8E81759BD2}.Debug - AutoUpdate|Any CPU.ActiveCfg = Debug - AutoUpdate|Any CPU
		{95D4E57F-06F9-4B41-BEBB-2A8E81759BD2}.Debug - AutoUpdate|Any CPU.Build.0 = Debug - AutoUpdate|Any CPU
		{95D4E57F-06F9-4B41-BEBB-2A8E81759BD2}.Debug - Beta|Any CPU.ActiveCfg = Debug - Beta|Any CPU
		{95D4E57F-06F9-4B41-BEBB-2A8E81759BD2}.Debug - Beta|Any CPU.Build.0 = Debug - Beta|Any CPU
		{95D4E57F-06F9-4B41-BEBB-2A8E81759BD2}.Debug - ServerMonitor|Any CPU.ActiveCfg = Debug - ServerMonitor|Any CPU
		{95D4E57F-06F9-4B41-BEBB-2A8E81759BD2}.Debug - ServerMonitor|Any CPU.Build.0 = Debug - ServerMonitor|Any CPU
		{95D4E57F-06F9-4B41-BEBB-2A8E81759BD2}.Debug|Any CPU.ActiveCfg = Debug|Any CPU
		{95D4E57F-06F9-4B41-BEBB-2A8E81759BD2}.Debug|Any CPU.Build.0 = Debug|Any CPU
		{95D4E57F-06F9-4B41-BEBB-2A8E81759BD2}.Release|Any CPU.ActiveCfg = Release|Any CPU
		{95D4E57F-06F9-4B41-BEBB-2A8E81759BD2}.Release|Any CPU.Build.0 = Release|Any CPU
		{4CA9C894-518F-42D7-BBE2-CFDFE7A03F8A}.Debug - AutoBackup|Any CPU.ActiveCfg = Debug|Any CPU
		{4CA9C894-518F-42D7-BBE2-CFDFE7A03F8A}.Debug - AutoBackup|Any CPU.Build.0 = Debug|Any CPU
		{4CA9C894-518F-42D7-BBE2-CFDFE7A03F8A}.Debug - AutoShutdown|Any CPU.ActiveCfg = Debug|Any CPU
		{4CA9C894-518F-42D7-BBE2-CFDFE7A03F8A}.Debug - AutoShutdown|Any CPU.Build.0 = Debug|Any CPU
		{4CA9C894-518F-42D7-BBE2-CFDFE7A03F8A}.Debug - AutoUpdate|Any CPU.ActiveCfg = Debug|Any CPU
		{4CA9C894-518F-42D7-BBE2-CFDFE7A03F8A}.Debug - AutoUpdate|Any CPU.Build.0 = Debug|Any CPU
		{4CA9C894-518F-42D7-BBE2-CFDFE7A03F8A}.Debug - Beta|Any CPU.ActiveCfg = Debug|Any CPU
		{4CA9C894-518F-42D7-BBE2-CFDFE7A03F8A}.Debug - Beta|Any CPU.Build.0 = Debug|Any CPU
		{4CA9C894-518F-42D7-BBE2-CFDFE7A03F8A}.Debug - ServerMonitor|Any CPU.ActiveCfg = Debug|Any CPU
		{4CA9C894-518F-42D7-BBE2-CFDFE7A03F8A}.Debug - ServerMonitor|Any CPU.Build.0 = Debug|Any CPU
		{4CA9C894-518F-42D7-BBE2-CFDFE7A03F8A}.Debug|Any CPU.ActiveCfg = Debug|Any CPU
		{4CA9C894-518F-42D7-BBE2-CFDFE7A03F8A}.Debug|Any CPU.Build.0 = Debug|Any CPU
		{4CA9C894-518F-42D7-BBE2-CFDFE7A03F8A}.Release|Any CPU.ActiveCfg = Release|Any CPU
		{4CA9C894-518F-42D7-BBE2-CFDFE7A03F8A}.Release|Any CPU.Build.0 = Release|Any CPU
		{DD0A2401-99B8-4DE1-B8ED-9B075172F8AF}.Debug - AutoBackup|Any CPU.ActiveCfg = Debug|Any CPU
		{DD0A2401-99B8-4DE1-B8ED-9B075172F8AF}.Debug - AutoBackup|Any CPU.Build.0 = Debug|Any CPU
		{DD0A2401-99B8-4DE1-B8ED-9B075172F8AF}.Debug - AutoShutdown|Any CPU.ActiveCfg = Debug|Any CPU
		{DD0A2401-99B8-4DE1-B8ED-9B075172F8AF}.Debug - AutoShutdown|Any CPU.Build.0 = Debug|Any CPU
		{DD0A2401-99B8-4DE1-B8ED-9B075172F8AF}.Debug - AutoUpdate|Any CPU.ActiveCfg = Debug|Any CPU
		{DD0A2401-99B8-4DE1-B8ED-9B075172F8AF}.Debug - AutoUpdate|Any CPU.Build.0 = Debug|Any CPU
		{DD0A2401-99B8-4DE1-B8ED-9B075172F8AF}.Debug - Beta|Any CPU.ActiveCfg = Debug|Any CPU
		{DD0A2401-99B8-4DE1-B8ED-9B075172F8AF}.Debug - Beta|Any CPU.Build.0 = Debug|Any CPU
		{DD0A2401-99B8-4DE1-B8ED-9B075172F8AF}.Debug - ServerMonitor|Any CPU.ActiveCfg = Debug|Any CPU
		{DD0A2401-99B8-4DE1-B8ED-9B075172F8AF}.Debug - ServerMonitor|Any CPU.Build.0 = Debug|Any CPU
		{DD0A2401-99B8-4DE1-B8ED-9B075172F8AF}.Debug|Any CPU.ActiveCfg = Debug|Any CPU
		{DD0A2401-99B8-4DE1-B8ED-9B075172F8AF}.Debug|Any CPU.Build.0 = Debug|Any CPU
		{DD0A2401-99B8-4DE1-B8ED-9B075172F8AF}.Release|Any CPU.ActiveCfg = Release|Any CPU
		{DD0A2401-99B8-4DE1-B8ED-9B075172F8AF}.Release|Any CPU.Build.0 = Release|Any CPU
		{630422CA-4BCC-4D1D-9701-87D8EAF0B209}.Debug - AutoBackup|Any CPU.ActiveCfg = Debug|Any CPU
		{630422CA-4BCC-4D1D-9701-87D8EAF0B209}.Debug - AutoBackup|Any CPU.Build.0 = Debug|Any CPU
		{630422CA-4BCC-4D1D-9701-87D8EAF0B209}.Debug - AutoShutdown|Any CPU.ActiveCfg = Debug|Any CPU
		{630422CA-4BCC-4D1D-9701-87D8EAF0B209}.Debug - AutoShutdown|Any CPU.Build.0 = Debug|Any CPU
		{630422CA-4BCC-4D1D-9701-87D8EAF0B209}.Debug - AutoUpdate|Any CPU.ActiveCfg = Debug|Any CPU
		{630422CA-4BCC-4D1D-9701-87D8EAF0B209}.Debug - AutoUpdate|Any CPU.Build.0 = Debug|Any CPU
		{630422CA-4BCC-4D1D-9701-87D8EAF0B209}.Debug - Beta|Any CPU.ActiveCfg = Debug|Any CPU
		{630422CA-4BCC-4D1D-9701-87D8EAF0B209}.Debug - Beta|Any CPU.Build.0 = Debug|Any CPU
		{630422CA-4BCC-4D1D-9701-87D8EAF0B209}.Debug - ServerMonitor|Any CPU.ActiveCfg = Debug|Any CPU
		{630422CA-4BCC-4D1D-9701-87D8EAF0B209}.Debug - ServerMonitor|Any CPU.Build.0 = Debug|Any CPU
		{630422CA-4BCC-4D1D-9701-87D8EAF0B209}.Debug|Any CPU.ActiveCfg = Debug|Any CPU
		{630422CA-4BCC-4D1D-9701-87D8EAF0B209}.Debug|Any CPU.Build.0 = Debug|Any CPU
		{630422CA-4BCC-4D1D-9701-87D8EAF0B209}.Release|Any CPU.ActiveCfg = Release|Any CPU
		{630422CA-4BCC-4D1D-9701-87D8EAF0B209}.Release|Any CPU.Build.0 = Release|Any CPU
		{39C42E58-36BD-4C6B-9AD2-7F9EBCA7A68A}.Debug - AutoBackup|Any CPU.ActiveCfg = Debug|Any CPU
		{39C42E58-36BD-4C6B-9AD2-7F9EBCA7A68A}.Debug - AutoBackup|Any CPU.Build.0 = Debug|Any CPU
		{39C42E58-36BD-4C6B-9AD2-7F9EBCA7A68A}.Debug - AutoShutdown|Any CPU.ActiveCfg = Debug|Any CPU
		{39C42E58-36BD-4C6B-9AD2-7F9EBCA7A68A}.Debug - AutoShutdown|Any CPU.Build.0 = Debug|Any CPU
		{39C42E58-36BD-4C6B-9AD2-7F9EBCA7A68A}.Debug - AutoUpdate|Any CPU.ActiveCfg = Debug|Any CPU
		{39C42E58-36BD-4C6B-9AD2-7F9EBCA7A68A}.Debug - AutoUpdate|Any CPU.Build.0 = Debug|Any CPU
		{39C42E58-36BD-4C6B-9AD2-7F9EBCA7A68A}.Debug - Beta|Any CPU.ActiveCfg = Debug|Any CPU
		{39C42E58-36BD-4C6B-9AD2-7F9EBCA7A68A}.Debug - Beta|Any CPU.Build.0 = Debug|Any CPU
		{39C42E58-36BD-4C6B-9AD2-7F9EBCA7A68A}.Debug - ServerMonitor|Any CPU.ActiveCfg = Debug|Any CPU
		{39C42E58-36BD-4C6B-9AD2-7F9EBCA7A68A}.Debug - ServerMonitor|Any CPU.Build.0 = Debug|Any CPU
		{39C42E58-36BD-4C6B-9AD2-7F9EBCA7A68A}.Debug|Any CPU.ActiveCfg = Debug|Any CPU
		{39C42E58-36BD-4C6B-9AD2-7F9EBCA7A68A}.Debug|Any CPU.Build.0 = Debug|Any CPU
		{39C42E58-36BD-4C6B-9AD2-7F9EBCA7A68A}.Release|Any CPU.ActiveCfg = Release|Any CPU
		{39C42E58-36BD-4C6B-9AD2-7F9EBCA7A68A}.Release|Any CPU.Build.0 = Release|Any CPU
		{A8BFC452-5BE8-41E7-BD1D-C29B944185CE}.Debug - AutoBackup|Any CPU.ActiveCfg = Debug|Any CPU
		{A8BFC452-5BE8-41E7-BD1D-C29B944185CE}.Debug - AutoBackup|Any CPU.Build.0 = Debug|Any CPU
		{A8BFC452-5BE8-41E7-BD1D-C29B944185CE}.Debug - AutoShutdown|Any CPU.ActiveCfg = Debug|Any CPU
		{A8BFC452-5BE8-41E7-BD1D-C29B944185CE}.Debug - AutoShutdown|Any CPU.Build.0 = Debug|Any CPU
		{A8BFC452-5BE8-41E7-BD1D-C29B944185CE}.Debug - AutoUpdate|Any CPU.ActiveCfg = Debug|Any CPU
		{A8BFC452-5BE8-41E7-BD1D-C29B944185CE}.Debug - AutoUpdate|Any CPU.Build.0 = Debug|Any CPU
		{A8BFC452-5BE8-41E7-BD1D-C29B944185CE}.Debug - Beta|Any CPU.ActiveCfg = Debug|Any CPU
		{A8BFC452-5BE8-41E7-BD1D-C29B944185CE}.Debug - Beta|Any CPU.Build.0 = Debug|Any CPU
		{A8BFC452-5BE8-41E7-BD1D-C29B944185CE}.Debug - ServerMonitor|Any CPU.ActiveCfg = Debug|Any CPU
		{A8BFC452-5BE8-41E7-BD1D-C29B944185CE}.Debug - ServerMonitor|Any CPU.Build.0 = Debug|Any CPU
		{A8BFC452-5BE8-41E7-BD1D-C29B944185CE}.Debug|Any CPU.ActiveCfg = Debug|Any CPU
		{A8BFC452-5BE8-41E7-BD1D-C29B944185CE}.Debug|Any CPU.Build.0 = Debug|Any CPU
		{A8BFC452-5BE8-41E7-BD1D-C29B944185CE}.Release|Any CPU.ActiveCfg = Release|Any CPU
		{1434D87A-E9FC-48B9-BEC9-E5A3003F1F2E}.Debug - AutoBackup|Any CPU.ActiveCfg = Debug|Any CPU
		{1434D87A-E9FC-48B9-BEC9-E5A3003F1F2E}.Debug - AutoBackup|Any CPU.Build.0 = Debug|Any CPU
		{1434D87A-E9FC-48B9-BEC9-E5A3003F1F2E}.Debug - AutoShutdown|Any CPU.ActiveCfg = Debug|Any CPU
		{1434D87A-E9FC-48B9-BEC9-E5A3003F1F2E}.Debug - AutoShutdown|Any CPU.Build.0 = Debug|Any CPU
		{1434D87A-E9FC-48B9-BEC9-E5A3003F1F2E}.Debug - AutoUpdate|Any CPU.ActiveCfg = Debug|Any CPU
		{1434D87A-E9FC-48B9-BEC9-E5A3003F1F2E}.Debug - AutoUpdate|Any CPU.Build.0 = Debug|Any CPU
		{1434D87A-E9FC-48B9-BEC9-E5A3003F1F2E}.Debug - Beta|Any CPU.ActiveCfg = Debug|Any CPU
		{1434D87A-E9FC-48B9-BEC9-E5A3003F1F2E}.Debug - Beta|Any CPU.Build.0 = Debug|Any CPU
		{1434D87A-E9FC-48B9-BEC9-E5A3003F1F2E}.Debug - ServerMonitor|Any CPU.ActiveCfg = Debug|Any CPU
		{1434D87A-E9FC-48B9-BEC9-E5A3003F1F2E}.Debug - ServerMonitor|Any CPU.Build.0 = Debug|Any CPU
		{1434D87A-E9FC-48B9-BEC9-E5A3003F1F2E}.Debug|Any CPU.ActiveCfg = Debug|Any CPU
		{1434D87A-E9FC-48B9-BEC9-E5A3003F1F2E}.Debug|Any CPU.Build.0 = Debug|Any CPU
		{1434D87A-E9FC-48B9-BEC9-E5A3003F1F2E}.Release|Any CPU.ActiveCfg = Release|Any CPU
		{C4C8000D-5E45-497C-A218-B95A1567010E}.Debug - AutoBackup|Any CPU.ActiveCfg = Debug|Any CPU
		{C4C8000D-5E45-497C-A218-B95A1567010E}.Debug - AutoBackup|Any CPU.Build.0 = Debug|Any CPU
		{C4C8000D-5E45-497C-A218-B95A1567010E}.Debug - AutoShutdown|Any CPU.ActiveCfg = Debug|Any CPU
		{C4C8000D-5E45-497C-A218-B95A1567010E}.Debug - AutoShutdown|Any CPU.Build.0 = Debug|Any CPU
		{C4C8000D-5E45-497C-A218-B95A1567010E}.Debug - AutoUpdate|Any CPU.ActiveCfg = Debug|Any CPU
		{C4C8000D-5E45-497C-A218-B95A1567010E}.Debug - AutoUpdate|Any CPU.Build.0 = Debug|Any CPU
		{C4C8000D-5E45-497C-A218-B95A1567010E}.Debug - Beta|Any CPU.ActiveCfg = Debug|Any CPU
		{C4C8000D-5E45-497C-A218-B95A1567010E}.Debug - Beta|Any CPU.Build.0 = Debug|Any CPU
		{C4C8000D-5E45-497C-A218-B95A1567010E}.Debug - ServerMonitor|Any CPU.ActiveCfg = Debug|Any CPU
		{C4C8000D-5E45-497C-A218-B95A1567010E}.Debug - ServerMonitor|Any CPU.Build.0 = Debug|Any CPU
		{C4C8000D-5E45-497C-A218-B95A1567010E}.Debug|Any CPU.ActiveCfg = Debug|Any CPU
		{C4C8000D-5E45-497C-A218-B95A1567010E}.Debug|Any CPU.Build.0 = Debug|Any CPU
		{C4C8000D-5E45-497C-A218-B95A1567010E}.Release|Any CPU.ActiveCfg = Release|Any CPU
		{C4C8000D-5E45-497C-A218-B95A1567010E}.Release|Any CPU.Build.0 = Release|Any CPU
		{18271A4E-6135-466A-BCF8-80E25446F454}.Debug - AutoBackup|Any CPU.ActiveCfg = Debug|Any CPU
		{18271A4E-6135-466A-BCF8-80E25446F454}.Debug - AutoBackup|Any CPU.Build.0 = Debug|Any CPU
		{18271A4E-6135-466A-BCF8-80E25446F454}.Debug - AutoShutdown|Any CPU.ActiveCfg = Debug|Any CPU
		{18271A4E-6135-466A-BCF8-80E25446F454}.Debug - AutoShutdown|Any CPU.Build.0 = Debug|Any CPU
		{18271A4E-6135-466A-BCF8-80E25446F454}.Debug - AutoUpdate|Any CPU.ActiveCfg = Debug|Any CPU
		{18271A4E-6135-466A-BCF8-80E25446F454}.Debug - AutoUpdate|Any CPU.Build.0 = Debug|Any CPU
		{18271A4E-6135-466A-BCF8-80E25446F454}.Debug - Beta|Any CPU.ActiveCfg = Debug|Any CPU
		{18271A4E-6135-466A-BCF8-80E25446F454}.Debug - Beta|Any CPU.Build.0 = Debug|Any CPU
		{18271A4E-6135-466A-BCF8-80E25446F454}.Debug - ServerMonitor|Any CPU.ActiveCfg = Debug|Any CPU
		{18271A4E-6135-466A-BCF8-80E25446F454}.Debug - ServerMonitor|Any CPU.Build.0 = Debug|Any CPU
		{18271A4E-6135-466A-BCF8-80E25446F454}.Debug|Any CPU.ActiveCfg = Debug|Any CPU
		{18271A4E-6135-466A-BCF8-80E25446F454}.Debug|Any CPU.Build.0 = Debug|Any CPU
		{18271A4E-6135-466A-BCF8-80E25446F454}.Release|Any CPU.ActiveCfg = Release|Any CPU
		{A2EEBC18-DAD8-415D-98E4-258EB12369C7}.Debug - AutoBackup|Any CPU.ActiveCfg = Debug|Any CPU
		{A2EEBC18-DAD8-415D-98E4-258EB12369C7}.Debug - AutoBackup|Any CPU.Build.0 = Debug|Any CPU
		{A2EEBC18-DAD8-415D-98E4-258EB12369C7}.Debug - AutoShutdown|Any CPU.ActiveCfg = Debug|Any CPU
		{A2EEBC18-DAD8-415D-98E4-258EB12369C7}.Debug - AutoShutdown|Any CPU.Build.0 = Debug|Any CPU
		{A2EEBC18-DAD8-415D-98E4-258EB12369C7}.Debug - AutoUpdate|Any CPU.ActiveCfg = Debug|Any CPU
		{A2EEBC18-DAD8-415D-98E4-258EB12369C7}.Debug - AutoUpdate|Any CPU.Build.0 = Debug|Any CPU
		{A2EEBC18-DAD8-415D-98E4-258EB12369C7}.Debug - Beta|Any CPU.ActiveCfg = Debug|Any CPU
		{A2EEBC18-DAD8-415D-98E4-258EB12369C7}.Debug - Beta|Any CPU.Build.0 = Debug|Any CPU
		{A2EEBC18-DAD8-415D-98E4-258EB12369C7}.Debug - ServerMonitor|Any CPU.ActiveCfg = Debug|Any CPU
		{A2EEBC18-DAD8-415D-98E4-258EB12369C7}.Debug - ServerMonitor|Any CPU.Build.0 = Debug|Any CPU
		{A2EEBC18-DAD8-415D-98E4-258EB12369C7}.Debug|Any CPU.ActiveCfg = Debug|Any CPU
		{A2EEBC18-DAD8-415D-98E4-258EB12369C7}.Debug|Any CPU.Build.0 = Debug|Any CPU
		{A2EEBC18-DAD8-415D-98E4-258EB12369C7}.Release|Any CPU.ActiveCfg = Release|Any CPU
	EndGlobalSection
	GlobalSection(SolutionProperties) = preSolution
		HideSolutionNode = FALSE
	EndGlobalSection
	GlobalSection(NestedProjects) = preSolution
		{715461E8-4E54-4993-80A8-8E72892135E0} = {44D8A1A2-01FF-4DD3-A201-AD9A26F7798D}
		{E4EDA8B8-006C-4D41-822F-F64B6DB0021F} = {44D8A1A2-01FF-4DD3-A201-AD9A26F7798D}
		{679FE859-9A82-4FFB-A758-C1E8DF915F58} = {F8DBCE70-4658-47CB-A508-B3951125F0ED}
		{936EF260-FECF-4E9E-A21E-092D65931C7D} = {F8DBCE70-4658-47CB-A508-B3951125F0ED}
		{D2EE1483-021F-4900-BBE8-88338D1386F4} = {44D8A1A2-01FF-4DD3-A201-AD9A26F7798D}
		{96832688-29BD-464F-9DCE-482E37BFC751} = {44D8A1A2-01FF-4DD3-A201-AD9A26F7798D}
		{4CA9C894-518F-42D7-BBE2-CFDFE7A03F8A} = {44D8A1A2-01FF-4DD3-A201-AD9A26F7798D}
		{A8BFC452-5BE8-41E7-BD1D-C29B944185CE} = {F8DBCE70-4658-47CB-A508-B3951125F0ED}
		{1434D87A-E9FC-48B9-BEC9-E5A3003F1F2E} = {F8DBCE70-4658-47CB-A508-B3951125F0ED}
		{18271A4E-6135-466A-BCF8-80E25446F454} = {A7B846EF-9884-44DB-AF8F-3173DF1B3B66}
		{A2EEBC18-DAD8-415D-98E4-258EB12369C7} = {A7B846EF-9884-44DB-AF8F-3173DF1B3B66}
	EndGlobalSection
	GlobalSection(ExtensibilityGlobals) = postSolution
		SolutionGuid = {4201246C-6E53-4209-883D-A4F084C19187}
	EndGlobalSection
EndGlobal
